
Microsoft Visual Studio Solution File, Format Version 9.00
# Visual Studio 2005
Project("{FAE04EC0-301F-11D3-BF4B-00C04F79EFBC}") = "GCP_pro1274", "GCP_pro1274\GCP_pro1274.csproj", "{4699D888-53A5-46B2-ACE5-DD2A3B895834}"
EndProject
Global
	GlobalSection(SolutionConfigurationPlatforms) = preSolution
		Debug|Any CPU = Debug|Any CPU
		Release|Any CPU = Release|Any CPU
	EndGlobalSection
	GlobalSection(ProjectConfigurationPlatforms) = postSolution
		{4699D888-53A5-46B2-ACE5-DD2A3B895834}.Debug|Any CPU.ActiveCfg = Debug|Any CPU
		{4699D888-53A5-46B2-ACE5-DD2A3B895834}.Debug|Any CPU.Build.0 = Debug|Any CPU
		{4699D888-53A5-46B2-ACE5-DD2A3B895834}.Release|Any CPU.ActiveCfg = Release|Any CPU
		{4699D888-53A5-46B2-ACE5-DD2A3B895834}.Release|Any CPU.Build.0 = Release|Any CPU
	EndGlobalSection
	GlobalSection(SolutionProperties) = preSolution
		HideSolutionNode = FALSE
	EndGlobalSection
EndGlobal
